
Microsoft Visual Studio Solution File, Format Version 12.00
# Visual Studio 2013
VisualStudioVersion = 12.0.21005.1
MinimumVisualStudioVersion = 10.0.40219.1
Project("{159641D6-6404-4A2A-AE62-294DE0FE8301}") = "Yield Curve Data One Time Import", "Yield Curve Data One Time Import\Yield Curve Data One Time Import.dtproj", "{67915761-13D8-402A-B7B6-2E05F6024E4D}"
EndProject
Global
	GlobalSection(SolutionConfigurationPlatforms) = preSolution
		Development|Default = Development|Default
	EndGlobalSection
	GlobalSection(ProjectConfigurationPlatforms) = postSolution
		{67915761-13D8-402A-B7B6-2E05F6024E4D}.Development|Default.ActiveCfg = Development
		{67915761-13D8-402A-B7B6-2E05F6024E4D}.Development|Default.Build.0 = Development
	EndGlobalSection
	GlobalSection(SolutionProperties) = preSolution
		HideSolutionNode = FALSE
	EndGlobalSection
EndGlobal
