
Microsoft Visual Studio Solution File, Format Version 12.00
# Visual Studio 2013
VisualStudioVersion = 12.0.21005.1
MinimumVisualStudioVersion = 10.0.40219.1
Project("{159641D6-6404-4A2A-AE62-294DE0FE8301}") = "Recession Data One Time Import", "Recession Data One Time Import\Recession Data One Time Import.dtproj", "{89D38F56-1710-49B2-82A1-EADA99F15E05}"
EndProject
Global
	GlobalSection(SolutionConfigurationPlatforms) = preSolution
		Development|Default = Development|Default
	EndGlobalSection
	GlobalSection(ProjectConfigurationPlatforms) = postSolution
		{89D38F56-1710-49B2-82A1-EADA99F15E05}.Development|Default.ActiveCfg = Development
		{89D38F56-1710-49B2-82A1-EADA99F15E05}.Development|Default.Build.0 = Development
	EndGlobalSection
	GlobalSection(SolutionProperties) = preSolution
		HideSolutionNode = FALSE
	EndGlobalSection
EndGlobal
