
Microsoft Visual Studio Solution File, Format Version 12.00
# Visual Studio 2013
VisualStudioVersion = 12.0.21005.1
MinimumVisualStudioVersion = 10.0.40219.1
Project("{159641D6-6404-4A2A-AE62-294DE0FE8301}") = "Stock Price Import", "Stock Price Import\Stock Price Import.dtproj", "{42A57DFA-9EE4-40DC-96C8-C8285302281E}"
EndProject
Global
	GlobalSection(SolutionConfigurationPlatforms) = preSolution
		Development|Default = Development|Default
	EndGlobalSection
	GlobalSection(ProjectConfigurationPlatforms) = postSolution
		{42A57DFA-9EE4-40DC-96C8-C8285302281E}.Development|Default.ActiveCfg = Development
		{42A57DFA-9EE4-40DC-96C8-C8285302281E}.Development|Default.Build.0 = Development
	EndGlobalSection
	GlobalSection(SolutionProperties) = preSolution
		HideSolutionNode = FALSE
	EndGlobalSection
EndGlobal
